
Microsoft Visual Studio Solution File, Format Version 12.00
# Visual Studio Version 17
VisualStudioVersion = 17.12.35527.113
MinimumVisualStudioVersion = 10.0.40219.1
Project("{FAE04EC0-301F-11D3-BF4B-00C04F79EFBC}") = "WcfSampleService", "WcfSampleService\WcfSampleService.csproj", "{9AC6F607-AC94-4F54-A487-F39D04D3D5DD}"
EndProject
Project("{FAE04EC0-301F-11D3-BF4B-00C04F79EFBC}") = "WinFormsTestApp", "WinFormsTestApp\WinFormsTestApp.csproj", "{22899474-851A-4904-8484-D5C663EB5A24}"
EndProject
Project("{FAE04EC0-301F-11D3-BF4B-00C04F79EFBC}") = "WebApiSampleApp", "WebApiSampleApp\WebApiSampleApp.csproj", "{3A7143E3-D0C0-4E25-BF51-41AA70EF7D24}"
EndProject
Global
	GlobalSection(SolutionConfigurationPlatforms) = preSolution
		Debug|Any CPU = Debug|Any CPU
		Release|Any CPU = Release|Any CPU
	EndGlobalSection
	GlobalSection(ProjectConfigurationPlatforms) = postSolution
		{9AC6F607-AC94-4F54-A487-F39D04D3D5DD}.Debug|Any CPU.ActiveCfg = Debug|Any CPU
		{9AC6F607-AC94-4F54-A487-F39D04D3D5DD}.Debug|Any CPU.Build.0 = Debug|Any CPU
		{9AC6F607-AC94-4F54-A487-F39D04D3D5DD}.Release|Any CPU.ActiveCfg = Release|Any CPU
		{9AC6F607-AC94-4F54-A487-F39D04D3D5DD}.Release|Any CPU.Build.0 = Release|Any CPU
		{22899474-851A-4904-8484-D5C663EB5A24}.Debug|Any CPU.ActiveCfg = Debug|Any CPU
		{22899474-851A-4904-8484-D5C663EB5A24}.Debug|Any CPU.Build.0 = Debug|Any CPU
		{22899474-851A-4904-8484-D5C663EB5A24}.Release|Any CPU.ActiveCfg = Release|Any CPU
		{22899474-851A-4904-8484-D5C663EB5A24}.Release|Any CPU.Build.0 = Release|Any CPU
		{3A7143E3-D0C0-4E25-BF51-41AA70EF7D24}.Debug|Any CPU.ActiveCfg = Debug|Any CPU
		{3A7143E3-D0C0-4E25-BF51-41AA70EF7D24}.Debug|Any CPU.Build.0 = Debug|Any CPU
		{3A7143E3-D0C0-4E25-BF51-41AA70EF7D24}.Release|Any CPU.ActiveCfg = Release|Any CPU
		{3A7143E3-D0C0-4E25-BF51-41AA70EF7D24}.Release|Any CPU.Build.0 = Release|Any CPU
	EndGlobalSection
	GlobalSection(SolutionProperties) = preSolution
		HideSolutionNode = FALSE
	EndGlobalSection
EndGlobal
